
Microsoft Visual Studio Solution File, Format Version 12.00
# Visual Studio Version 17
VisualStudioVersion = 17.8.34316.72
MinimumVisualStudioVersion = 10.0.40219.1
Project("{FAE04EC0-301F-11D3-BF4B-00C04F79EFBC}") = "AdventOfCode", "AdventOfCode\AdventOfCode.csproj", "{6AFB65EB-31CF-4426-AB7C-67A6C0D16CD2}"
EndProject
Project("{FAE04EC0-301F-11D3-BF4B-00C04F79EFBC}") = "AdventOfCodeTests", "AdventOfCodeTests\AdventOfCodeTests.csproj", "{815B240F-4BD0-4226-B062-C1456DA67A7A}"
EndProject
Global
	GlobalSection(SolutionConfigurationPlatforms) = preSolution
		Debug|Any CPU = Debug|Any CPU
		Release|Any CPU = Release|Any CPU
	EndGlobalSection
	GlobalSection(ProjectConfigurationPlatforms) = postSolution
		{6AFB65EB-31CF-4426-AB7C-67A6C0D16CD2}.Debug|Any CPU.ActiveCfg = Debug|Any CPU
		{6AFB65EB-31CF-4426-AB7C-67A6C0D16CD2}.Debug|Any CPU.Build.0 = Debug|Any CPU
		{6AFB65EB-31CF-4426-AB7C-67A6C0D16CD2}.Release|Any CPU.ActiveCfg = Release|Any CPU
		{6AFB65EB-31CF-4426-AB7C-67A6C0D16CD2}.Release|Any CPU.Build.0 = Release|Any CPU
		{815B240F-4BD0-4226-B062-C1456DA67A7A}.Debug|Any CPU.ActiveCfg = Debug|Any CPU
		{815B240F-4BD0-4226-B062-C1456DA67A7A}.Debug|Any CPU.Build.0 = Debug|Any CPU
		{815B240F-4BD0-4226-B062-C1456DA67A7A}.Release|Any CPU.ActiveCfg = Release|Any CPU
		{815B240F-4BD0-4226-B062-C1456DA67A7A}.Release|Any CPU.Build.0 = Release|Any CPU
	EndGlobalSection
	GlobalSection(SolutionProperties) = preSolution
		HideSolutionNode = FALSE
	EndGlobalSection
	GlobalSection(ExtensibilityGlobals) = postSolution
		SolutionGuid = {B8C8D208-1D6D-4645-AA1C-925827C25BD1}
	EndGlobalSection
EndGlobal
